
Microsoft Visual Studio Solution File, Format Version 12.00
# Visual Studio Version 17
VisualStudioVersion = 17.8.34330.188
MinimumVisualStudioVersion = 10.0.40219.1
Project("{9A19103F-16F7-4668-BE54-9A1E7A4F7556}") = "BlazorEcommerce.Server", "Server\BlazorEcommerce.Server.csproj", "{3284758F-EF17-4E2A-8764-AE06F7343D4E}"
EndProject
Project("{9A19103F-16F7-4668-BE54-9A1E7A4F7556}") = "BlazorEcommerce.Client", "Client\BlazorEcommerce.Client.csproj", "{A1368155-B54F-4E7A-B041-B94CA2246C1B}"
EndProject
Project("{9A19103F-16F7-4668-BE54-9A1E7A4F7556}") = "BlazorEcommerce.Shared", "Shared\BlazorEcommerce.Shared.csproj", "{7EAF00E3-E0A2-4C09-A7E9-CC6A4D857E21}"
EndProject
Global
	GlobalSection(SolutionConfigurationPlatforms) = preSolution
		Debug|Any CPU = Debug|Any CPU
		Release|Any CPU = Release|Any CPU
	EndGlobalSection
	GlobalSection(ProjectConfigurationPlatforms) = postSolution
		{3284758F-EF17-4E2A-8764-AE06F7343D4E}.Debug|Any CPU.ActiveCfg = Debug|Any CPU
		{3284758F-EF17-4E2A-8764-AE06F7343D4E}.Debug|Any CPU.Build.0 = Debug|Any CPU
		{3284758F-EF17-4E2A-8764-AE06F7343D4E}.Release|Any CPU.ActiveCfg = Release|Any CPU
		{3284758F-EF17-4E2A-8764-AE06F7343D4E}.Release|Any CPU.Build.0 = Release|Any CPU
		{A1368155-B54F-4E7A-B041-B94CA2246C1B}.Debug|Any CPU.ActiveCfg = Debug|Any CPU
		{A1368155-B54F-4E7A-B041-B94CA2246C1B}.Debug|Any CPU.Build.0 = Debug|Any CPU
		{A1368155-B54F-4E7A-B041-B94CA2246C1B}.Release|Any CPU.ActiveCfg = Release|Any CPU
		{A1368155-B54F-4E7A-B041-B94CA2246C1B}.Release|Any CPU.Build.0 = Release|Any CPU
		{7EAF00E3-E0A2-4C09-A7E9-CC6A4D857E21}.Debug|Any CPU.ActiveCfg = Debug|Any CPU
		{7EAF00E3-E0A2-4C09-A7E9-CC6A4D857E21}.Debug|Any CPU.Build.0 = Debug|Any CPU
		{7EAF00E3-E0A2-4C09-A7E9-CC6A4D857E21}.Release|Any CPU.ActiveCfg = Release|Any CPU
		{7EAF00E3-E0A2-4C09-A7E9-CC6A4D857E21}.Release|Any CPU.Build.0 = Release|Any CPU
	EndGlobalSection
	GlobalSection(SolutionProperties) = preSolution
		HideSolutionNode = FALSE
	EndGlobalSection
	GlobalSection(ExtensibilityGlobals) = postSolution
		SolutionGuid = {5416FE68-4E90-4854-907B-B8965F4A1319}
	EndGlobalSection
EndGlobal
